// !$*UTF8*$!
{
	archiveVersion = 1;
	classes = {
	};
	objectVersion = 55;
	objects = {

/* Begin PBXBuildFile section */
		337EFF25B0BE84AA14F3EE2F /* Pods_BookStorePauloQuintao.framework in Frameworks */ = {isa = PBXBuildFile; fileRef = D846262EE77A2E2C5395529C /* Pods_BookStorePauloQuintao.framework */; };
		A705321D286869A300E01F1D /* AppDelegate.swift in Sources */ = {isa = PBXBuildFile; fileRef = A705321C286869A300E01F1D /* AppDelegate.swift */; };
		A705321F286869A300E01F1D /* SceneDelegate.swift in Sources */ = {isa = PBXBuildFile; fileRef = A705321E286869A300E01F1D /* SceneDelegate.swift */; };
		A7053221286869A300E01F1D /* BookListViewController.swift in Sources */ = {isa = PBXBuildFile; fileRef = A7053220286869A300E01F1D /* BookListViewController.swift */; };
		A7053224286869A300E01F1D /* Main.storyboard in Resources */ = {isa = PBXBuildFile; fileRef = A7053222286869A300E01F1D /* Main.storyboard */; };
		A7053226286869A400E01F1D /* Assets.xcassets in Resources */ = {isa = PBXBuildFile; fileRef = A7053225286869A400E01F1D /* Assets.xcassets */; };
		A7053229286869A400E01F1D /* LaunchScreen.storyboard in Resources */ = {isa = PBXBuildFile; fileRef = A7053227286869A400E01F1D /* LaunchScreen.storyboard */; };
		A705323228686EFA00E01F1D /* CustomHeaderView.xib in Resources */ = {isa = PBXBuildFile; fileRef = A705323128686EFA00E01F1D /* CustomHeaderView.xib */; };
		A705323428686F0500E01F1D /* CustomHeaderView.swift in Sources */ = {isa = PBXBuildFile; fileRef = A705323328686F0500E01F1D /* CustomHeaderView.swift */; };
		A70532382868728600E01F1D /* BookCell.xib in Resources */ = {isa = PBXBuildFile; fileRef = A70532372868728600E01F1D /* BookCell.xib */; };
		A705323A2868729400E01F1D /* BookCell.swift in Sources */ = {isa = PBXBuildFile; fileRef = A70532392868729400E01F1D /* BookCell.swift */; };
		A705323E2868759C00E01F1D /* Localizable.strings in Resources */ = {isa = PBXBuildFile; fileRef = A70532402868759C00E01F1D /* Localizable.strings */; };
		A7053242286875B600E01F1D /* Utils.swift in Sources */ = {isa = PBXBuildFile; fileRef = A7053241286875B600E01F1D /* Utils.swift */; };
		A7053247286876F500E01F1D /* DetailBookViewController.swift in Sources */ = {isa = PBXBuildFile; fileRef = A7053246286876F500E01F1D /* DetailBookViewController.swift */; };
		A705324928687B3500E01F1D /* Extensions.swift in Sources */ = {isa = PBXBuildFile; fileRef = A705324828687B3500E01F1D /* Extensions.swift */; };
		A705324C28687DE900E01F1D /* Book.swift in Sources */ = {isa = PBXBuildFile; fileRef = A705324B28687DE900E01F1D /* Book.swift */; };
		A705324F2868821800E01F1D /* BookViewModal.swift in Sources */ = {isa = PBXBuildFile; fileRef = A705324E2868821800E01F1D /* BookViewModal.swift */; };
		A7053252286882E100E01F1D /* BookCellViewModal.swift in Sources */ = {isa = PBXBuildFile; fileRef = A7053251286882E100E01F1D /* BookCellViewModal.swift */; };
		A70532562868BB3200E01F1D /* RequestHandler.swift in Sources */ = {isa = PBXBuildFile; fileRef = A70532552868BB3200E01F1D /* RequestHandler.swift */; };
		A70532582868BB4000E01F1D /* WebApiPaths.swift in Sources */ = {isa = PBXBuildFile; fileRef = A70532572868BB4000E01F1D /* WebApiPaths.swift */; };
		A705325A2868BC7E00E01F1D /* BookService.swift in Sources */ = {isa = PBXBuildFile; fileRef = A70532592868BC7E00E01F1D /* BookService.swift */; };
		A705325C2868C70000E01F1D /* BookDetailsViewModal.swift in Sources */ = {isa = PBXBuildFile; fileRef = A705325B2868C70000E01F1D /* BookDetailsViewModal.swift */; };
/* End PBXBuildFile section */

/* Begin PBXFileReference section */
		3B80D317CBAB5507CD4C73D8 /* Pods-BookStorePauloQuintao.release.xcconfig */ = {isa = PBXFileReference; includeInIndex = 1; lastKnownFileType = text.xcconfig; name = "Pods-BookStorePauloQuintao.release.xcconfig"; path = "Target Support Files/Pods-BookStorePauloQuintao/Pods-BookStorePauloQuintao.release.xcconfig"; sourceTree = "<group>"; };
		A7053219286869A200E01F1D /* BookStorePauloQuintao.app */ = {isa = PBXFileReference; explicitFileType = wrapper.application; includeInIndex = 0; path = BookStorePauloQuintao.app; sourceTree = BUILT_PRODUCTS_DIR; };
		A705321C286869A300E01F1D /* AppDelegate.swift */ = {isa = PBXFileReference; lastKnownFileType = sourcecode.swift; path = AppDelegate.swift; sourceTree = "<group>"; };
		A705321E286869A300E01F1D /* SceneDelegate.swift */ = {isa = PBXFileReference; lastKnownFileType = sourcecode.swift; path = SceneDelegate.swift; sourceTree = "<group>"; };
		A7053220286869A300E01F1D /* BookListViewController.swift */ = {isa = PBXFileReference; lastKnownFileType = sourcecode.swift; path = BookListViewController.swift; sourceTree = "<group>"; };
		A7053223286869A300E01F1D /* Base */ = {isa = PBXFileReference; lastKnownFileType = file.storyboard; name = Base; path = Base.lproj/Main.storyboard; sourceTree = "<group>"; };
		A7053225286869A400E01F1D /* Assets.xcassets */ = {isa = PBXFileReference; lastKnownFileType = folder.assetcatalog; path = Assets.xcassets; sourceTree = "<group>"; };
		A7053228286869A400E01F1D /* Base */ = {isa = PBXFileReference; lastKnownFileType = file.storyboard; name = Base; path = Base.lproj/LaunchScreen.storyboard; sourceTree = "<group>"; };
		A705322A286869A400E01F1D /* Info.plist */ = {isa = PBXFileReference; lastKnownFileType = text.plist.xml; path = Info.plist; sourceTree = "<group>"; };
		A705323128686EFA00E01F1D /* CustomHeaderView.xib */ = {isa = PBXFileReference; lastKnownFileType = file.xib; path = CustomHeaderView.xib; sourceTree = "<group>"; };
		A705323328686F0500E01F1D /* CustomHeaderView.swift */ = {isa = PBXFileReference; lastKnownFileType = sourcecode.swift; path = CustomHeaderView.swift; sourceTree = "<group>"; };
		A70532372868728600E01F1D /* BookCell.xib */ = {isa = PBXFileReference; lastKnownFileType = file.xib; path = BookCell.xib; sourceTree = "<group>"; };
		A70532392868729400E01F1D /* BookCell.swift */ = {isa = PBXFileReference; lastKnownFileType = sourcecode.swift; path = BookCell.swift; sourceTree = "<group>"; };
		A705323F2868759C00E01F1D /* en */ = {isa = PBXFileReference; lastKnownFileType = text.plist.strings; name = en; path = en.lproj/Localizable.strings; sourceTree = "<group>"; };
		A7053241286875B600E01F1D /* Utils.swift */ = {isa = PBXFileReference; lastKnownFileType = sourcecode.swift; path = Utils.swift; sourceTree = "<group>"; };
		A7053246286876F500E01F1D /* DetailBookViewController.swift */ = {isa = PBXFileReference; lastKnownFileType = sourcecode.swift; path = DetailBookViewController.swift; sourceTree = "<group>"; };
		A705324828687B3500E01F1D /* Extensions.swift */ = {isa = PBXFileReference; lastKnownFileType = sourcecode.swift; path = Extensions.swift; sourceTree = "<group>"; };
		A705324B28687DE900E01F1D /* Book.swift */ = {isa = PBXFileReference; lastKnownFileType = sourcecode.swift; path = Book.swift; sourceTree = "<group>"; };
		A705324E2868821800E01F1D /* BookViewModal.swift */ = {isa = PBXFileReference; lastKnownFileType = sourcecode.swift; path = BookViewModal.swift; sourceTree = "<group>"; };
		A7053251286882E100E01F1D /* BookCellViewModal.swift */ = {isa = PBXFileReference; lastKnownFileType = sourcecode.swift; path = BookCellViewModal.swift; sourceTree = "<group>"; };
		A70532552868BB3200E01F1D /* RequestHandler.swift */ = {isa = PBXFileReference; lastKnownFileType = sourcecode.swift; path = RequestHandler.swift; sourceTree = "<group>"; };
		A70532572868BB4000E01F1D /* WebApiPaths.swift */ = {isa = PBXFileReference; lastKnownFileType = sourcecode.swift; path = WebApiPaths.swift; sourceTree = "<group>"; };
		A70532592868BC7E00E01F1D /* BookService.swift */ = {isa = PBXFileReference; lastKnownFileType = sourcecode.swift; path = BookService.swift; sourceTree = "<group>"; };
		A705325B2868C70000E01F1D /* BookDetailsViewModal.swift */ = {isa = PBXFileReference; lastKnownFileType = sourcecode.swift; path = BookDetailsViewModal.swift; sourceTree = "<group>"; };
		AA8B829C4E211545068856ED /* Pods-BookStorePauloQuintao.debug.xcconfig */ = {isa = PBXFileReference; includeInIndex = 1; lastKnownFileType = text.xcconfig; name = "Pods-BookStorePauloQuintao.debug.xcconfig"; path = "Target Support Files/Pods-BookStorePauloQuintao/Pods-BookStorePauloQuintao.debug.xcconfig"; sourceTree = "<group>"; };
		D846262EE77A2E2C5395529C /* Pods_BookStorePauloQuintao.framework */ = {isa = PBXFileReference; explicitFileType = wrapper.framework; includeInIndex = 0; path = Pods_BookStorePauloQuintao.framework; sourceTree = BUILT_PRODUCTS_DIR; };
/* End PBXFileReference section */

/* Begin PBXFrameworksBuildPhase section */
		A7053216286869A200E01F1D /* Frameworks */ = {
			isa = PBXFrameworksBuildPhase;
			buildActionMask = 2147483647;
			files = (
				337EFF25B0BE84AA14F3EE2F /* Pods_BookStorePauloQuintao.framework in Frameworks */,
			);
			runOnlyForDeploymentPostprocessing = 0;
		};
/* End PBXFrameworksBuildPhase section */

/* Begin PBXGroup section */
		5AD5E9F80963740E8CCFC18F /* Frameworks */ = {
			isa = PBXGroup;
			children = (
				D846262EE77A2E2C5395529C /* Pods_BookStorePauloQuintao.framework */,
			);
			name = Frameworks;
			sourceTree = "<group>";
		};
		A5432C8A3578EF917BC4956F /* Pods */ = {
			isa = PBXGroup;
			children = (
				AA8B829C4E211545068856ED /* Pods-BookStorePauloQuintao.debug.xcconfig */,
				3B80D317CBAB5507CD4C73D8 /* Pods-BookStorePauloQuintao.release.xcconfig */,
			);
			path = Pods;
			sourceTree = "<group>";
		};
		A7053210286869A200E01F1D = {
			isa = PBXGroup;
			children = (
				A705321B286869A200E01F1D /* BookStorePauloQuintao */,
				A705321A286869A200E01F1D /* Products */,
				A5432C8A3578EF917BC4956F /* Pods */,
				5AD5E9F80963740E8CCFC18F /* Frameworks */,
			);
			sourceTree = "<group>";
		};
		A705321A286869A200E01F1D /* Products */ = {
			isa = PBXGroup;
			children = (
				A7053219286869A200E01F1D /* BookStorePauloQuintao.app */,
			);
			name = Products;
			sourceTree = "<group>";
		};
		A705321B286869A200E01F1D /* BookStorePauloQuintao */ = {
			isa = PBXGroup;
			children = (
				A70532532868BB1200E01F1D /* WebApiHandler */,
				A705323B2868758700E01F1D /* SupportFiles */,
				A705324A28687DD800E01F1D /* Modal */,
				A705324D2868820400E01F1D /* ViewModal */,
				A705323028686EB700E01F1D /* CustomViews */,
				A70532432868767300E01F1D /* Screens */,
				A705321C286869A300E01F1D /* AppDelegate.swift */,
				A705321E286869A300E01F1D /* SceneDelegate.swift */,
				A7053222286869A300E01F1D /* Main.storyboard */,
				A7053225286869A400E01F1D /* Assets.xcassets */,
				A7053227286869A400E01F1D /* LaunchScreen.storyboard */,
				A705322A286869A400E01F1D /* Info.plist */,
			);
			path = BookStorePauloQuintao;
			sourceTree = "<group>";
		};
		A705323028686EB700E01F1D /* CustomViews */ = {
			isa = PBXGroup;
			children = (
				A705323128686EFA00E01F1D /* CustomHeaderView.xib */,
				A705323328686F0500E01F1D /* CustomHeaderView.swift */,
			);
			path = CustomViews;
			sourceTree = "<group>";
		};
		A70532352868726F00E01F1D /* CollectionViewCells */ = {
			isa = PBXGroup;
			children = (
				A7053250286882CC00E01F1D /* CellViewModal */,
				A70532362868727800E01F1D /* BookCell */,
			);
			path = CollectionViewCells;
			sourceTree = "<group>";
		};
		A70532362868727800E01F1D /* BookCell */ = {
			isa = PBXGroup;
			children = (
				A70532372868728600E01F1D /* BookCell.xib */,
				A70532392868729400E01F1D /* BookCell.swift */,
			);
			path = BookCell;
			sourceTree = "<group>";
		};
		A705323B2868758700E01F1D /* SupportFiles */ = {
			isa = PBXGroup;
			children = (
				A70532402868759C00E01F1D /* Localizable.strings */,
				A7053241286875B600E01F1D /* Utils.swift */,
				A705324828687B3500E01F1D /* Extensions.swift */,
			);
			path = SupportFiles;
			sourceTree = "<group>";
		};
		A70532432868767300E01F1D /* Screens */ = {
			isa = PBXGroup;
			children = (
				A70532452868768D00E01F1D /* DetailBookScreen */,
				A70532442868768400E01F1D /* BookListScreen */,
			);
			path = Screens;
			sourceTree = "<group>";
		};
		A70532442868768400E01F1D /* BookListScreen */ = {
			isa = PBXGroup;
			children = (
				A70532352868726F00E01F1D /* CollectionViewCells */,
				A7053220286869A300E01F1D /* BookListViewController.swift */,
			);
			path = BookListScreen;
			sourceTree = "<group>";
		};
		A70532452868768D00E01F1D /* DetailBookScreen */ = {
			isa = PBXGroup;
			children = (
				A7053246286876F500E01F1D /* DetailBookViewController.swift */,
			);
			path = DetailBookScreen;
			sourceTree = "<group>";
		};
		A705324A28687DD800E01F1D /* Modal */ = {
			isa = PBXGroup;
			children = (
				A705324B28687DE900E01F1D /* Book.swift */,
			);
			path = Modal;
			sourceTree = "<group>";
		};
		A705324D2868820400E01F1D /* ViewModal */ = {
			isa = PBXGroup;
			children = (
				A705324E2868821800E01F1D /* BookViewModal.swift */,
				A705325B2868C70000E01F1D /* BookDetailsViewModal.swift */,
			);
			path = ViewModal;
			sourceTree = "<group>";
		};
		A7053250286882CC00E01F1D /* CellViewModal */ = {
			isa = PBXGroup;
			children = (
				A7053251286882E100E01F1D /* BookCellViewModal.swift */,
			);
			path = CellViewModal;
			sourceTree = "<group>";
		};
		A70532532868BB1200E01F1D /* WebApiHandler */ = {
			isa = PBXGroup;
			children = (
				A70532542868BB2400E01F1D /* Services */,
				A70532552868BB3200E01F1D /* RequestHandler.swift */,
				A70532572868BB4000E01F1D /* WebApiPaths.swift */,
			);
			path = WebApiHandler;
			sourceTree = "<group>";
		};
		A70532542868BB2400E01F1D /* Services */ = {
			isa = PBXGroup;
			children = (
				A70532592868BC7E00E01F1D /* BookService.swift */,
			);
			path = Services;
			sourceTree = "<group>";
		};
/* End PBXGroup section */

/* Begin PBXNativeTarget section */
		A7053218286869A200E01F1D /* BookStorePauloQuintao */ = {
			isa = PBXNativeTarget;
			buildConfigurationList = A705322D286869A400E01F1D /* Build configuration list for PBXNativeTarget "BookStorePauloQuintao" */;
			buildPhases = (
				119D5D08C920495B26B2F7E4 /* [CP] Check Pods Manifest.lock */,
				A7053215286869A200E01F1D /* Sources */,
				A7053216286869A200E01F1D /* Frameworks */,
				A7053217286869A200E01F1D /* Resources */,
				2D93247536C4674F3A15AADF /* [CP] Embed Pods Frameworks */,
			);
			buildRules = (
			);
			dependencies = (
			);
			name = BookStorePauloQuintao;
			productName = BookStorePauloQuintao;
			productReference = A7053219286869A200E01F1D /* BookStorePauloQuintao.app */;
			productType = "com.apple.product-type.application";
		};
/* End PBXNativeTarget section */

/* Begin PBXProject section */
		A7053211286869A200E01F1D /* Project object */ = {
			isa = PBXProject;
			attributes = {
				BuildIndependentTargetsInParallel = 1;
				LastSwiftUpdateCheck = 1330;
				LastUpgradeCheck = 1330;
				TargetAttributes = {
					A7053218286869A200E01F1D = {
						CreatedOnToolsVersion = 13.3;
					};
				};
			};
			buildConfigurationList = A7053214286869A200E01F1D /* Build configuration list for PBXProject "BookStorePauloQuintao" */;
			compatibilityVersion = "Xcode 13.0";
			developmentRegion = en;
			hasScannedForEncodings = 0;
			knownRegions = (
				en,
				Base,
			);
			mainGroup = A7053210286869A200E01F1D;
			productRefGroup = A705321A286869A200E01F1D /* Products */;
			projectDirPath = "";
			projectRoot = "";
			targets = (
				A7053218286869A200E01F1D /* BookStorePauloQuintao */,
			);
		};
/* End PBXProject section */

/* Begin PBXResourcesBuildPhase section */
		A7053217286869A200E01F1D /* Resources */ = {
			isa = PBXResourcesBuildPhase;
			buildActionMask = 2147483647;
			files = (
				A705323228686EFA00E01F1D /* CustomHeaderView.xib in Resources */,
				A705323E2868759C00E01F1D /* Localizable.strings in Resources */,
				A70532382868728600E01F1D /* BookCell.xib in Resources */,
				A7053229286869A400E01F1D /* LaunchScreen.storyboard in Resources */,
				A7053226286869A400E01F1D /* Assets.xcassets in Resources */,
				A7053224286869A300E01F1D /* Main.storyboard in Resources */,
			);
			runOnlyForDeploymentPostprocessing = 0;
		};
/* End PBXResourcesBuildPhase section */

/* Begin PBXShellScriptBuildPhase section */
		119D5D08C920495B26B2F7E4 /* [CP] Check Pods Manifest.lock */ = {
			isa = PBXShellScriptBuildPhase;
			buildActionMask = 2147483647;
			files = (
			);
			inputFileListPaths = (
			);
			inputPaths = (
				"${PODS_PODFILE_DIR_PATH}/Podfile.lock",
				"${PODS_ROOT}/Manifest.lock",
			);
			name = "[CP] Check Pods Manifest.lock";
			outputFileListPaths = (
			);
			outputPaths = (
				"$(DERIVED_FILE_DIR)/Pods-BookStorePauloQuintao-checkManifestLockResult.txt",
			);
			runOnlyForDeploymentPostprocessing = 0;
			shellPath = /bin/sh;
			shellScript = "diff \"${PODS_PODFILE_DIR_PATH}/Podfile.lock\" \"${PODS_ROOT}/Manifest.lock\" > /dev/null\nif [ $? != 0 ] ; then\n    # print error to STDERR\n    echo \"error: The sandbox is not in sync with the Podfile.lock. Run 'pod install' or update your CocoaPods installation.\" >&2\n    exit 1\nfi\n# This output is used by Xcode 'outputs' to avoid re-running this script phase.\necho \"SUCCESS\" > \"${SCRIPT_OUTPUT_FILE_0}\"\n";
			showEnvVarsInLog = 0;
		};
		2D93247536C4674F3A15AADF /* [CP] Embed Pods Frameworks */ = {
			isa = PBXShellScriptBuildPhase;
			buildActionMask = 2147483647;
			files = (
			);
			inputFileListPaths = (
				"${PODS_ROOT}/Target Support Files/Pods-BookStorePauloQuintao/Pods-BookStorePauloQuintao-frameworks-${CONFIGURATION}-input-files.xcfilelist",
			);
			name = "[CP] Embed Pods Frameworks";
			outputFileListPaths = (
				"${PODS_ROOT}/Target Support Files/Pods-BookStorePauloQuintao/Pods-BookStorePauloQuintao-frameworks-${CONFIGURATION}-output-files.xcfilelist",
			);
			runOnlyForDeploymentPostprocessing = 0;
			shellPath = /bin/sh;
			shellScript = "\"${PODS_ROOT}/Target Support Files/Pods-BookStorePauloQuintao/Pods-BookStorePauloQuintao-frameworks.sh\"\n";
			showEnvVarsInLog = 0;
		};
/* End PBXShellScriptBuildPhase section */

/* Begin PBXSourcesBuildPhase section */
		A7053215286869A200E01F1D /* Sources */ = {
			isa = PBXSourcesBuildPhase;
			buildActionMask = 2147483647;
			files = (
				A705323428686F0500E01F1D /* CustomHeaderView.swift in Sources */,
				A705324F2868821800E01F1D /* BookViewModal.swift in Sources */,
				A705325A2868BC7E00E01F1D /* BookService.swift in Sources */,
				A705325C2868C70000E01F1D /* BookDetailsViewModal.swift in Sources */,
				A70532562868BB3200E01F1D /* RequestHandler.swift in Sources */,
				A7053221286869A300E01F1D /* BookListViewController.swift in Sources */,
				A7053252286882E100E01F1D /* BookCellViewModal.swift in Sources */,
				A705321D286869A300E01F1D /* AppDelegate.swift in Sources */,
				A705324928687B3500E01F1D /* Extensions.swift in Sources */,
				A705321F286869A300E01F1D /* SceneDelegate.swift in Sources */,
				A705324C28687DE900E01F1D /* Book.swift in Sources */,
				A70532582868BB4000E01F1D /* WebApiPaths.swift in Sources */,
				A705323A2868729400E01F1D /* BookCell.swift in Sources */,
				A7053247286876F500E01F1D /* DetailBookViewController.swift in Sources */,
				A7053242286875B600E01F1D /* Utils.swift in Sources */,
			);
			runOnlyForDeploymentPostprocessing = 0;
		};
/* End PBXSourcesBuildPhase section */

/* Begin PBXVariantGroup section */
		A7053222286869A300E01F1D /* Main.storyboard */ = {
			isa = PBXVariantGroup;
			children = (
				A7053223286869A300E01F1D /* Base */,
			);
			name = Main.storyboard;
			sourceTree = "<group>";
		};
		A7053227286869A400E01F1D /* LaunchScreen.storyboard */ = {
			isa = PBXVariantGroup;
			children = (
				A7053228286869A400E01F1D /* Base */,
			);
			name = LaunchScreen.storyboard;
			sourceTree = "<group>";
		};
		A70532402868759C00E01F1D /* Localizable.strings */ = {
			isa = PBXVariantGroup;
			children = (
				A705323F2868759C00E01F1D /* en */,
			);
			name = Localizable.strings;
			sourceTree = "<group>";
		};
/* End PBXVariantGroup section */

/* Begin XCBuildConfiguration section */
		A705322B286869A400E01F1D /* Debug */ = {
			isa = XCBuildConfiguration;
			buildSettings = {
				ALWAYS_SEARCH_USER_PATHS = NO;
				CLANG_ANALYZER_NONNULL = YES;
				CLANG_ANALYZER_NUMBER_OBJECT_CONVERSION = YES_AGGRESSIVE;
				CLANG_CXX_LANGUAGE_STANDARD = "gnu++17";
				CLANG_ENABLE_MODULES = YES;
				CLANG_ENABLE_OBJC_ARC = YES;
				CLANG_ENABLE_OBJC_WEAK = YES;
				CLANG_WARN_BLOCK_CAPTURE_AUTORELEASING = YES;
				CLANG_WARN_BOOL_CONVERSION = YES;
				CLANG_WARN_COMMA = YES;
				CLANG_WARN_CONSTANT_CONVERSION = YES;
				CLANG_WARN_DEPRECATED_OBJC_IMPLEMENTATIONS = YES;
				CLANG_WARN_DIRECT_OBJC_ISA_USAGE = YES_ERROR;
				CLANG_WARN_DOCUMENTATION_COMMENTS = YES;
				CLANG_WARN_EMPTY_BODY = YES;
				CLANG_WARN_ENUM_CONVERSION = YES;
				CLANG_WARN_INFINITE_RECURSION = YES;
				CLANG_WARN_INT_CONVERSION = YES;
				CLANG_WARN_NON_LITERAL_NULL_CONVERSION = YES;
				CLANG_WARN_OBJC_IMPLICIT_RETAIN_SELF = YES;
				CLANG_WARN_OBJC_LITERAL_CONVERSION = YES;
				CLANG_WARN_OBJC_ROOT_CLASS = YES_ERROR;
				CLANG_WARN_QUOTED_INCLUDE_IN_FRAMEWORK_HEADER = YES;
				CLANG_WARN_RANGE_LOOP_ANALYSIS = YES;
				CLANG_WARN_STRICT_PROTOTYPES = YES;
				CLANG_WARN_SUSPICIOUS_MOVE = YES;
				CLANG_WARN_UNGUARDED_AVAILABILITY = YES_AGGRESSIVE;
				CLANG_WARN_UNREACHABLE_CODE = YES;
				CLANG_WARN__DUPLICATE_METHOD_MATCH = YES;
				COPY_PHASE_STRIP = NO;
				DEBUG_INFORMATION_FORMAT = dwarf;
				ENABLE_STRICT_OBJC_MSGSEND = YES;
				ENABLE_TESTABILITY = YES;
				GCC_C_LANGUAGE_STANDARD = gnu11;
				GCC_DYNAMIC_NO_PIC = NO;
				GCC_NO_COMMON_BLOCKS = YES;
				GCC_OPTIMIZATION_LEVEL = 0;
				GCC_PREPROCESSOR_DEFINITIONS = (
					"DEBUG=1",
					"$(inherited)",
				);
				GCC_WARN_64_TO_32_BIT_CONVERSION = YES;
				GCC_WARN_ABOUT_RETURN_TYPE = YES_ERROR;
				GCC_WARN_UNDECLARED_SELECTOR = YES;
				GCC_WARN_UNINITIALIZED_AUTOS = YES_AGGRESSIVE;
				GCC_WARN_UNUSED_FUNCTION = YES;
				GCC_WARN_UNUSED_VARIABLE = YES;
				IPHONEOS_DEPLOYMENT_TARGET = 15.4;
				MTL_ENABLE_DEBUG_INFO = INCLUDE_SOURCE;
				MTL_FAST_MATH = YES;
				ONLY_ACTIVE_ARCH = YES;
				SDKROOT = iphoneos;
				SWIFT_ACTIVE_COMPILATION_CONDITIONS = DEBUG;
				SWIFT_OPTIMIZATION_LEVEL = "-Onone";
			};
			name = Debug;
		};
		A705322C286869A400E01F1D /* Release */ = {
			isa = XCBuildConfiguration;
			buildSettings = {
				ALWAYS_SEARCH_USER_PATHS = NO;
				CLANG_ANALYZER_NONNULL = YES;
				CLANG_ANALYZER_NUMBER_OBJECT_CONVERSION = YES_AGGRESSIVE;
				CLANG_CXX_LANGUAGE_STANDARD = "gnu++17";
				CLANG_ENABLE_MODULES = YES;
				CLANG_ENABLE_OBJC_ARC = YES;
				CLANG_ENABLE_OBJC_WEAK = YES;
				CLANG_WARN_BLOCK_CAPTURE_AUTORELEASING = YES;
				CLANG_WARN_BOOL_CONVERSION = YES;
				CLANG_WARN_COMMA = YES;
				CLANG_WARN_CONSTANT_CONVERSION = YES;
				CLANG_WARN_DEPRECATED_OBJC_IMPLEMENTATIONS = YES;
				CLANG_WARN_DIRECT_OBJC_ISA_USAGE = YES_ERROR;
				CLANG_WARN_DOCUMENTATION_COMMENTS = YES;
				CLANG_WARN_EMPTY_BODY = YES;
				CLANG_WARN_ENUM_CONVERSION = YES;
				CLANG_WARN_INFINITE_RECURSION = YES;
				CLANG_WARN_INT_CONVERSION = YES;
				CLANG_WARN_NON_LITERAL_NULL_CONVERSION = YES;
				CLANG_WARN_OBJC_IMPLICIT_RETAIN_SELF = YES;
				CLANG_WARN_OBJC_LITERAL_CONVERSION = YES;
				CLANG_WARN_OBJC_ROOT_CLASS = YES_ERROR;
				CLANG_WARN_QUOTED_INCLUDE_IN_FRAMEWORK_HEADER = YES;
				CLANG_WARN_RANGE_LOOP_ANALYSIS = YES;
				CLANG_WARN_STRICT_PROTOTYPES = YES;
				CLANG_WARN_SUSPICIOUS_MOVE = YES;
				CLANG_WARN_UNGUARDED_AVAILABILITY = YES_AGGRESSIVE;
				CLANG_WARN_UNREACHABLE_CODE = YES;
				CLANG_WARN__DUPLICATE_METHOD_MATCH = YES;
				COPY_PHASE_STRIP = NO;
				DEBUG_INFORMATION_FORMAT = "dwarf-with-dsym";
				ENABLE_NS_ASSERTIONS = NO;
				ENABLE_STRICT_OBJC_MSGSEND = YES;
				GCC_C_LANGUAGE_STANDARD = gnu11;
				GCC_NO_COMMON_BLOCKS = YES;
				GCC_WARN_64_TO_32_BIT_CONVERSION = YES;
				GCC_WARN_ABOUT_RETURN_TYPE = YES_ERROR;
				GCC_WARN_UNDECLARED_SELECTOR = YES;
				GCC_WARN_UNINITIALIZED_AUTOS = YES_AGGRESSIVE;
				GCC_WARN_UNUSED_FUNCTION = YES;
				GCC_WARN_UNUSED_VARIABLE = YES;
				IPHONEOS_DEPLOYMENT_TARGET = 15.4;
				MTL_ENABLE_DEBUG_INFO = NO;
				MTL_FAST_MATH = YES;
				SDKROOT = iphoneos;
				SWIFT_COMPILATION_MODE = wholemodule;
				SWIFT_OPTIMIZATION_LEVEL = "-O";
				VALIDATE_PRODUCT = YES;
			};
			name = Release;
		};
		A705322E286869A400E01F1D /* Debug */ = {
			isa = XCBuildConfiguration;
			baseConfigurationReference = AA8B829C4E211545068856ED /* Pods-BookStorePauloQuintao.debug.xcconfig */;
			buildSettings = {
				ASSETCATALOG_COMPILER_APPICON_NAME = AppIcon;
				ASSETCATALOG_COMPILER_GLOBAL_ACCENT_COLOR_NAME = AccentColor;
				CODE_SIGN_STYLE = Automatic;
				CURRENT_PROJECT_VERSION = 1;
				DEVELOPMENT_TEAM = 8M6ZYA2Q39;
				GENERATE_INFOPLIST_FILE = YES;
				INFOPLIST_FILE = BookStorePauloQuintao/Info.plist;
				INFOPLIST_KEY_UIApplicationSupportsIndirectInputEvents = YES;
				INFOPLIST_KEY_UILaunchStoryboardName = LaunchScreen;
				INFOPLIST_KEY_UIMainStoryboardFile = Main;
				INFOPLIST_KEY_UISupportedInterfaceOrientations = UIInterfaceOrientationPortrait;
				INFOPLIST_KEY_UISupportedInterfaceOrientations_iPad = "UIInterfaceOrientationPortrait UIInterfaceOrientationPortraitUpsideDown UIInterfaceOrientationLandscapeLeft UIInterfaceOrientationLandscapeRight";
				INFOPLIST_KEY_UISupportedInterfaceOrientations_iPhone = "UIInterfaceOrientationPortrait UIInterfaceOrientationLandscapeLeft UIInterfaceOrientationLandscapeRight";
				LD_RUNPATH_SEARCH_PATHS = (
					"$(inherited)",
					"@executable_path/Frameworks",
				);
				MARKETING_VERSION = 1.0;
				PRODUCT_BUNDLE_IDENTIFIER = com.quintao.BookStorePauloQuintao;
				PRODUCT_NAME = "$(TARGET_NAME)";
				SWIFT_EMIT_LOC_STRINGS = YES;
				SWIFT_VERSION = 5.0;
				TARGETED_DEVICE_FAMILY = "1,2";
			};
			name = Debug;
		};
		A705322F286869A400E01F1D /* Release */ = {
			isa = XCBuildConfiguration;
			baseConfigurationReference = 3B80D317CBAB5507CD4C73D8 /* Pods-BookStorePauloQuintao.release.xcconfig */;
			buildSettings = {
				ASSETCATALOG_COMPILER_APPICON_NAME = AppIcon;
				ASSETCATALOG_COMPILER_GLOBAL_ACCENT_COLOR_NAME = AccentColor;
				CODE_SIGN_STYLE = Automatic;
				CURRENT_PROJECT_VERSION = 1;
				DEVELOPMENT_TEAM = 8M6ZYA2Q39;
				GENERATE_INFOPLIST_FILE = YES;
				INFOPLIST_FILE = BookStorePauloQuintao/Info.plist;
				INFOPLIST_KEY_UIApplicationSupportsIndirectInputEvents = YES;
				INFOPLIST_KEY_UILaunchStoryboardName = LaunchScreen;
				INFOPLIST_KEY_UIMainStoryboardFile = Main;
				INFOPLIST_KEY_UISupportedInterfaceOrientations = UIInterfaceOrientationPortrait;
				INFOPLIST_KEY_UISupportedInterfaceOrientations_iPad = "UIInterfaceOrientationPortrait UIInterfaceOrientationPortraitUpsideDown UIInterfaceOrientationLandscapeLeft UIInterfaceOrientationLandscapeRight";
				INFOPLIST_KEY_UISupportedInterfaceOrientations_iPhone = "UIInterfaceOrientationPortrait UIInterfaceOrientationLandscapeLeft UIInterfaceOrientationLandscapeRight";
				LD_RUNPATH_SEARCH_PATHS = (
					"$(inherited)",
					"@executable_path/Frameworks",
				);
				MARKETING_VERSION = 1.0;
				PRODUCT_BUNDLE_IDENTIFIER = com.quintao.BookStorePauloQuintao;
				PRODUCT_NAME = "$(TARGET_NAME)";
				SWIFT_EMIT_LOC_STRINGS = YES;
				SWIFT_VERSION = 5.0;
				TARGETED_DEVICE_FAMILY = "1,2";
			};
			name = Release;
		};
/* End XCBuildConfiguration section */

/* Begin XCConfigurationList section */
		A7053214286869A200E01F1D /* Build configuration list for PBXProject "BookStorePauloQuintao" */ = {
			isa = XCConfigurationList;
			buildConfigurations = (
				A705322B286869A400E01F1D /* Debug */,
				A705322C286869A400E01F1D /* Release */,
			);
			defaultConfigurationIsVisible = 0;
			defaultConfigurationName = Release;
		};
		A705322D286869A400E01F1D /* Build configuration list for PBXNativeTarget "BookStorePauloQuintao" */ = {
			isa = XCConfigurationList;
			buildConfigurations = (
				A705322E286869A400E01F1D /* Debug */,
				A705322F286869A400E01F1D /* Release */,
			);
			defaultConfigurationIsVisible = 0;
			defaultConfigurationName = Release;
		};
/* End XCConfigurationList section */
	};
	rootObject = A7053211286869A200E01F1D /* Project object */;
}
